
Microsoft Visual Studio Solution File, Format Version 12.00
# Visual Studio Version 16
VisualStudioVersion = 16.0.30803.129
MinimumVisualStudioVersion = 10.0.40219.1
Project("{FAE04EC0-301F-11D3-BF4B-00C04F79EFBC}") = "TodoApp", "TodoApp\TodoApp.csproj", "{DB13A6CF-2381-4CE4-8FD6-5E45F380789A}"
EndProject
Global
	GlobalSection(SolutionConfigurationPlatforms) = preSolution
		Debug|Any CPU = Debug|Any CPU
		Release|Any CPU = Release|Any CPU
	EndGlobalSection
	GlobalSection(ProjectConfigurationPlatforms) = postSolution
		{DB13A6CF-2381-4CE4-8FD6-5E45F380789A}.Debug|Any CPU.ActiveCfg = Debug|Any CPU
		{DB13A6CF-2381-4CE4-8FD6-5E45F380789A}.Debug|Any CPU.Build.0 = Debug|Any CPU
		{DB13A6CF-2381-4CE4-8FD6-5E45F380789A}.Release|Any CPU.ActiveCfg = Release|Any CPU
		{DB13A6CF-2381-4CE4-8FD6-5E45F380789A}.Release|Any CPU.Build.0 = Release|Any CPU
	EndGlobalSection
	GlobalSection(SolutionProperties) = preSolution
		HideSolutionNode = FALSE
	EndGlobalSection
	GlobalSection(ExtensibilityGlobals) = postSolution
		SolutionGuid = {B0B001AB-71B5-4899-9D62-306B764AAF57}
	EndGlobalSection
EndGlobal
